
Microsoft Visual Studio Solution File, Format Version 12.00
# Visual Studio 2013
VisualStudioVersion = 12.0.21005.1
MinimumVisualStudioVersion = 10.0.40219.1
Project("{FAE04EC0-301F-11D3-BF4B-00C04F79EFBC}") = "WeiDevUI", "WeiDevUI\WeiDevUI.csproj", "{6F70DCD1-23E0-46A8-B729-BFD259EC7493}"
EndProject
Project("{FAE04EC0-301F-11D3-BF4B-00C04F79EFBC}") = "YEF.Utility", "Utility\YEF.Utility.csproj", "{BC2D0711-E8B5-4F4F-A450-4DA0E5256584}"
EndProject
Project("{FAE04EC0-301F-11D3-BF4B-00C04F79EFBC}") = "Models", "Models\Models.csproj", "{93CEA358-CBEB-4BFB-9547-1C6392517685}"
EndProject
Project("{FAE04EC0-301F-11D3-BF4B-00C04F79EFBC}") = "AppServices", "AppServices\AppServices.csproj", "{31140841-E5AC-4867-9476-234D0A3373F1}"
EndProject
Project("{FAE04EC0-301F-11D3-BF4B-00C04F79EFBC}") = "YEF.Repositories", "Repositories\YEF.Repositories.csproj", "{7FE869AE-EF63-4695-A20E-76379828967A}"
EndProject
Project("{FAE04EC0-301F-11D3-BF4B-00C04F79EFBC}") = "YEF.Infrastructure", "Infrastructure\YEF.Infrastructure.csproj", "{6110AE4B-8B10-4C6E-84DF-141A20E4C048}"
EndProject
Project("{F088123C-0E9E-452A-89E6-6BA2F21D5CAC}") = "EDFdesign", "EDFdesign\EDFdesign.modelproj", "{E646AB9D-63F6-40B1-9B48-881BE9426DAD}"
EndProject
Project("{2150E333-8FDC-42A3-9474-1A3956D46DE8}") = "Design", "Design", "{B628CEBF-402E-4A0C-BB4F-34D8DC2DC05D}"
EndProject
Project("{2150E333-8FDC-42A3-9474-1A3956D46DE8}") = "Code", "Code", "{428A0984-08F3-418C-850C-8AC961141D39}"
EndProject
Global
	GlobalSection(SolutionConfigurationPlatforms) = preSolution
		Debug|Any CPU = Debug|Any CPU
		Release|Any CPU = Release|Any CPU
	EndGlobalSection
	GlobalSection(ProjectConfigurationPlatforms) = postSolution
		{6F70DCD1-23E0-46A8-B729-BFD259EC7493}.Debug|Any CPU.ActiveCfg = Debug|Any CPU
		{6F70DCD1-23E0-46A8-B729-BFD259EC7493}.Debug|Any CPU.Build.0 = Debug|Any CPU
		{6F70DCD1-23E0-46A8-B729-BFD259EC7493}.Release|Any CPU.ActiveCfg = Release|Any CPU
		{6F70DCD1-23E0-46A8-B729-BFD259EC7493}.Release|Any CPU.Build.0 = Release|Any CPU
		{BC2D0711-E8B5-4F4F-A450-4DA0E5256584}.Debug|Any CPU.ActiveCfg = Debug|Any CPU
		{BC2D0711-E8B5-4F4F-A450-4DA0E5256584}.Debug|Any CPU.Build.0 = Debug|Any CPU
		{BC2D0711-E8B5-4F4F-A450-4DA0E5256584}.Release|Any CPU.ActiveCfg = Release|Any CPU
		{BC2D0711-E8B5-4F4F-A450-4DA0E5256584}.Release|Any CPU.Build.0 = Release|Any CPU
		{93CEA358-CBEB-4BFB-9547-1C6392517685}.Debug|Any CPU.ActiveCfg = Debug|Any CPU
		{93CEA358-CBEB-4BFB-9547-1C6392517685}.Debug|Any CPU.Build.0 = Debug|Any CPU
		{93CEA358-CBEB-4BFB-9547-1C6392517685}.Release|Any CPU.ActiveCfg = Release|Any CPU
		{93CEA358-CBEB-4BFB-9547-1C6392517685}.Release|Any CPU.Build.0 = Release|Any CPU
		{31140841-E5AC-4867-9476-234D0A3373F1}.Debug|Any CPU.ActiveCfg = Debug|Any CPU
		{31140841-E5AC-4867-9476-234D0A3373F1}.Debug|Any CPU.Build.0 = Debug|Any CPU
		{31140841-E5AC-4867-9476-234D0A3373F1}.Release|Any CPU.ActiveCfg = Release|Any CPU
		{31140841-E5AC-4867-9476-234D0A3373F1}.Release|Any CPU.Build.0 = Release|Any CPU
		{7FE869AE-EF63-4695-A20E-76379828967A}.Debug|Any CPU.ActiveCfg = Debug|Any CPU
		{7FE869AE-EF63-4695-A20E-76379828967A}.Debug|Any CPU.Build.0 = Debug|Any CPU
		{7FE869AE-EF63-4695-A20E-76379828967A}.Release|Any CPU.ActiveCfg = Release|Any CPU
		{7FE869AE-EF63-4695-A20E-76379828967A}.Release|Any CPU.Build.0 = Release|Any CPU
		{6110AE4B-8B10-4C6E-84DF-141A20E4C048}.Debug|Any CPU.ActiveCfg = Debug|Any CPU
		{6110AE4B-8B10-4C6E-84DF-141A20E4C048}.Debug|Any CPU.Build.0 = Debug|Any CPU
		{6110AE4B-8B10-4C6E-84DF-141A20E4C048}.Release|Any CPU.ActiveCfg = Release|Any CPU
		{6110AE4B-8B10-4C6E-84DF-141A20E4C048}.Release|Any CPU.Build.0 = Release|Any CPU
		{E646AB9D-63F6-40B1-9B48-881BE9426DAD}.Debug|Any CPU.ActiveCfg = Debug|Any CPU
		{E646AB9D-63F6-40B1-9B48-881BE9426DAD}.Debug|Any CPU.Build.0 = Debug|Any CPU
		{E646AB9D-63F6-40B1-9B48-881BE9426DAD}.Release|Any CPU.ActiveCfg = Release|Any CPU
		{E646AB9D-63F6-40B1-9B48-881BE9426DAD}.Release|Any CPU.Build.0 = Release|Any CPU
	EndGlobalSection
	GlobalSection(SolutionProperties) = preSolution
		HideSolutionNode = FALSE
	EndGlobalSection
	GlobalSection(NestedProjects) = preSolution
		{BC2D0711-E8B5-4F4F-A450-4DA0E5256584} = {428A0984-08F3-418C-850C-8AC961141D39}
		{93CEA358-CBEB-4BFB-9547-1C6392517685} = {428A0984-08F3-418C-850C-8AC961141D39}
		{31140841-E5AC-4867-9476-234D0A3373F1} = {428A0984-08F3-418C-850C-8AC961141D39}
		{7FE869AE-EF63-4695-A20E-76379828967A} = {428A0984-08F3-418C-850C-8AC961141D39}
		{6110AE4B-8B10-4C6E-84DF-141A20E4C048} = {428A0984-08F3-418C-850C-8AC961141D39}
		{6F70DCD1-23E0-46A8-B729-BFD259EC7493} = {428A0984-08F3-418C-850C-8AC961141D39}
		{E646AB9D-63F6-40B1-9B48-881BE9426DAD} = {B628CEBF-402E-4A0C-BB4F-34D8DC2DC05D}
	EndGlobalSection
EndGlobal
